
Microsoft Visual Studio Solution File, Format Version 12.00
# Visual Studio Version 17
VisualStudioVersion = 17.0.31903.59
MinimumVisualStudioVersion = 10.0.40219.1
Project("{2150E333-8FDC-42A3-9474-1A3956D46DE8}") = "Src", "Src", "{827E0CD3-B72D-47B6-A68D-7590B98EB39B}"
EndProject
Project("{2150E333-8FDC-42A3-9474-1A3956D46DE8}") = "Clients", "Clients", "{00B920E4-100F-D869-D8B1-04B3A2ED45DA}"
EndProject
Project("{54A90642-561A-4BB1-A94E-469ADEE60C69}") = "UI.Market.Web", "Src\Clients\UI.Market.Web\UI.Market.Web.esproj", "{799AF59D-2EC2-4F87-B029-15D2321E84CA}"
EndProject
Global
	GlobalSection(SolutionConfigurationPlatforms) = preSolution
		Debug|Any CPU = Debug|Any CPU
		Debug|x64 = Debug|x64
		Debug|x86 = Debug|x86
		Release|Any CPU = Release|Any CPU
		Release|x64 = Release|x64
		Release|x86 = Release|x86
	EndGlobalSection
	GlobalSection(ProjectConfigurationPlatforms) = postSolution
		{799AF59D-2EC2-4F87-B029-15D2321E84CA}.Debug|Any CPU.ActiveCfg = Debug|Any CPU
		{799AF59D-2EC2-4F87-B029-15D2321E84CA}.Debug|x64.ActiveCfg = Debug|Any CPU
		{799AF59D-2EC2-4F87-B029-15D2321E84CA}.Debug|x86.ActiveCfg = Debug|Any CPU
		{799AF59D-2EC2-4F87-B029-15D2321E84CA}.Release|Any CPU.ActiveCfg = Release|Any CPU
		{799AF59D-2EC2-4F87-B029-15D2321E84CA}.Release|x64.ActiveCfg = Release|Any CPU
		{799AF59D-2EC2-4F87-B029-15D2321E84CA}.Release|x86.ActiveCfg = Release|Any CPU
	EndGlobalSection
	GlobalSection(SolutionProperties) = preSolution
		HideSolutionNode = FALSE
	EndGlobalSection
	GlobalSection(NestedProjects) = preSolution
		{00B920E4-100F-D869-D8B1-04B3A2ED45DA} = {827E0CD3-B72D-47B6-A68D-7590B98EB39B}
		{799AF59D-2EC2-4F87-B029-15D2321E84CA} = {00B920E4-100F-D869-D8B1-04B3A2ED45DA}
	EndGlobalSection
EndGlobal
