
Microsoft Visual Studio Solution File, Format Version 12.00
# Visual Studio Version 17
VisualStudioVersion = 17.0.31903.59
MinimumVisualStudioVersion = 10.0.40219.1
Project("{2150E333-8FDC-42A3-9474-1A3956D46DE8}") = "Src", "Src", "{827E0CD3-B72D-47B6-A68D-7590B98EB39B}"
EndProject
Project("{2150E333-8FDC-42A3-9474-1A3956D46DE8}") = "Clients", "Clients", "{00B920E4-100F-D869-D8B1-04B3A2ED45DA}"
EndProject
Project("{54A90642-561A-4BB1-A94E-469ADEE60C69}") = "UI.Market.Web", "Src\Clients\UI.Market.Web\UI.Market.Web.esproj", "{24EB8DCC-D1DB-4F23-9AB5-B4545B9B541A}"
EndProject
Global
	GlobalSection(SolutionConfigurationPlatforms) = preSolution
		Debug|Any CPU = Debug|Any CPU
		Release|Any CPU = Release|Any CPU
	EndGlobalSection
	GlobalSection(ProjectConfigurationPlatforms) = postSolution
		{24EB8DCC-D1DB-4F23-9AB5-B4545B9B541A}.Debug|Any CPU.ActiveCfg = Debug|Any CPU
		{24EB8DCC-D1DB-4F23-9AB5-B4545B9B541A}.Debug|Any CPU.Build.0 = Debug|Any CPU
		{24EB8DCC-D1DB-4F23-9AB5-B4545B9B541A}.Debug|Any CPU.Deploy.0 = Debug|Any CPU
		{24EB8DCC-D1DB-4F23-9AB5-B4545B9B541A}.Release|Any CPU.ActiveCfg = Release|Any CPU
		{24EB8DCC-D1DB-4F23-9AB5-B4545B9B541A}.Release|Any CPU.Build.0 = Release|Any CPU
		{24EB8DCC-D1DB-4F23-9AB5-B4545B9B541A}.Release|Any CPU.Deploy.0 = Release|Any CPU
	EndGlobalSection
	GlobalSection(SolutionProperties) = preSolution
		HideSolutionNode = FALSE
	EndGlobalSection
	GlobalSection(NestedProjects) = preSolution
		{00B920E4-100F-D869-D8B1-04B3A2ED45DA} = {827E0CD3-B72D-47B6-A68D-7590B98EB39B}
		{24EB8DCC-D1DB-4F23-9AB5-B4545B9B541A} = {00B920E4-100F-D869-D8B1-04B3A2ED45DA}
	EndGlobalSection
EndGlobal
